// !$*UTF8*$!
{
	archiveVersion = 1;
	classes = {
	};
	objectVersion = 48;
	objects = {

/* Begin PBXBuildFile section */
		6A63C16320382F99000DF18C /* ImageFetcher.swift in Sources */ = {isa = PBXBuildFile; fileRef = 6A63C16220382F99000DF18C /* ImageFetcher.swift */; };
		6A63C16520389807000DF18C /* NavigationController.swift in Sources */ = {isa = PBXBuildFile; fileRef = 6A63C16420389807000DF18C /* NavigationController.swift */; };
		6A63C16720389918000DF18C /* ConstColor.swift in Sources */ = {isa = PBXBuildFile; fileRef = 6A63C16620389918000DF18C /* ConstColor.swift */; };
		9D478799203690D200A0957C /* AppDelegate.swift in Sources */ = {isa = PBXBuildFile; fileRef = 9D478798203690D200A0957C /* AppDelegate.swift */; };
		9D47879B203690D200A0957C /* HomeViewController.swift in Sources */ = {isa = PBXBuildFile; fileRef = 9D47879A203690D200A0957C /* HomeViewController.swift */; };
		9D47879E203690D200A0957C /* Main.storyboard in Resources */ = {isa = PBXBuildFile; fileRef = 9D47879C203690D200A0957C /* Main.storyboard */; };
		9D4787A0203690D200A0957C /* Assets.xcassets in Resources */ = {isa = PBXBuildFile; fileRef = 9D47879F203690D200A0957C /* Assets.xcassets */; };
		9D4787A3203690D200A0957C /* LaunchScreen.storyboard in Resources */ = {isa = PBXBuildFile; fileRef = 9D4787A1203690D200A0957C /* LaunchScreen.storyboard */; };
		9D4787AF2036921E00A0957C /* ConstText.swift in Sources */ = {isa = PBXBuildFile; fileRef = 9D4787AE2036921E00A0957C /* ConstText.swift */; };
		9D5B7A542036C88800917F17 /* ArticleEntity.swift in Sources */ = {isa = PBXBuildFile; fileRef = 9D5B7A532036C88800917F17 /* ArticleEntity.swift */; };
		9D5B7A572036CC3500917F17 /* ArticleTableViewCell.swift in Sources */ = {isa = PBXBuildFile; fileRef = 9D5B7A552036CC3500917F17 /* ArticleTableViewCell.swift */; };
		9D5B7A582036CC3500917F17 /* ArticleTableViewCell.xib in Resources */ = {isa = PBXBuildFile; fileRef = 9D5B7A562036CC3500917F17 /* ArticleTableViewCell.xib */; };
		9D5B7A5A2036CF2300917F17 /* HTMLParseManager.swift in Sources */ = {isa = PBXBuildFile; fileRef = 9D5B7A592036CF2300917F17 /* HTMLParseManager.swift */; };
		9D5B7A5C2036D23100917F17 /* WebViewController.swift in Sources */ = {isa = PBXBuildFile; fileRef = 9D5B7A5B2036D23100917F17 /* WebViewController.swift */; };
		D594A390D2902C68AFE9B34D /* Pods_PochisokuViewer.framework in Frameworks */ = {isa = PBXBuildFile; fileRef = 306414A448D2F102156A5950 /* Pods_PochisokuViewer.framework */; };
/* End PBXBuildFile section */

/* Begin PBXFileReference section */
		306414A448D2F102156A5950 /* Pods_PochisokuViewer.framework */ = {isa = PBXFileReference; explicitFileType = wrapper.framework; includeInIndex = 0; path = Pods_PochisokuViewer.framework; sourceTree = BUILT_PRODUCTS_DIR; };
		6A63C16220382F99000DF18C /* ImageFetcher.swift */ = {isa = PBXFileReference; lastKnownFileType = sourcecode.swift; path = ImageFetcher.swift; sourceTree = "<group>"; };
		6A63C16420389807000DF18C /* NavigationController.swift */ = {isa = PBXFileReference; lastKnownFileType = sourcecode.swift; path = NavigationController.swift; sourceTree = "<group>"; };
		6A63C16620389918000DF18C /* ConstColor.swift */ = {isa = PBXFileReference; lastKnownFileType = sourcecode.swift; path = ConstColor.swift; sourceTree = "<group>"; };
		9D478795203690D200A0957C /* PochisokuViewer.app */ = {isa = PBXFileReference; explicitFileType = wrapper.application; includeInIndex = 0; path = PochisokuViewer.app; sourceTree = BUILT_PRODUCTS_DIR; };
		9D478798203690D200A0957C /* AppDelegate.swift */ = {isa = PBXFileReference; lastKnownFileType = sourcecode.swift; path = AppDelegate.swift; sourceTree = "<group>"; };
		9D47879A203690D200A0957C /* HomeViewController.swift */ = {isa = PBXFileReference; lastKnownFileType = sourcecode.swift; path = HomeViewController.swift; sourceTree = "<group>"; };
		9D47879D203690D200A0957C /* Base */ = {isa = PBXFileReference; lastKnownFileType = file.storyboard; name = Base; path = Base.lproj/Main.storyboard; sourceTree = "<group>"; };
		9D47879F203690D200A0957C /* Assets.xcassets */ = {isa = PBXFileReference; lastKnownFileType = folder.assetcatalog; path = Assets.xcassets; sourceTree = "<group>"; };
		9D4787A2203690D200A0957C /* Base */ = {isa = PBXFileReference; lastKnownFileType = file.storyboard; name = Base; path = Base.lproj/LaunchScreen.storyboard; sourceTree = "<group>"; };
		9D4787A4203690D200A0957C /* Info.plist */ = {isa = PBXFileReference; lastKnownFileType = text.plist.xml; path = Info.plist; sourceTree = "<group>"; };
		9D4787AE2036921E00A0957C /* ConstText.swift */ = {isa = PBXFileReference; lastKnownFileType = sourcecode.swift; path = ConstText.swift; sourceTree = "<group>"; };
		9D5B7A532036C88800917F17 /* ArticleEntity.swift */ = {isa = PBXFileReference; lastKnownFileType = sourcecode.swift; name = ArticleEntity.swift; path = Manager/ArticleEntity.swift; sourceTree = "<group>"; };
		9D5B7A552036CC3500917F17 /* ArticleTableViewCell.swift */ = {isa = PBXFileReference; lastKnownFileType = sourcecode.swift; path = ArticleTableViewCell.swift; sourceTree = "<group>"; };
		9D5B7A562036CC3500917F17 /* ArticleTableViewCell.xib */ = {isa = PBXFileReference; lastKnownFileType = file.xib; path = ArticleTableViewCell.xib; sourceTree = "<group>"; };
		9D5B7A592036CF2300917F17 /* HTMLParseManager.swift */ = {isa = PBXFileReference; lastKnownFileType = sourcecode.swift; path = HTMLParseManager.swift; sourceTree = "<group>"; };
		9D5B7A5B2036D23100917F17 /* WebViewController.swift */ = {isa = PBXFileReference; lastKnownFileType = sourcecode.swift; path = WebViewController.swift; sourceTree = "<group>"; };
		B3CF1C77A6981A489C878A97 /* Pods-PochisokuViewer.debug.xcconfig */ = {isa = PBXFileReference; includeInIndex = 1; lastKnownFileType = text.xcconfig; name = "Pods-PochisokuViewer.debug.xcconfig"; path = "Pods/Target Support Files/Pods-PochisokuViewer/Pods-PochisokuViewer.debug.xcconfig"; sourceTree = "<group>"; };
		E478B71A00BAE280103056F8 /* Pods-PochisokuViewer.release.xcconfig */ = {isa = PBXFileReference; includeInIndex = 1; lastKnownFileType = text.xcconfig; name = "Pods-PochisokuViewer.release.xcconfig"; path = "Pods/Target Support Files/Pods-PochisokuViewer/Pods-PochisokuViewer.release.xcconfig"; sourceTree = "<group>"; };
/* End PBXFileReference section */

/* Begin PBXFrameworksBuildPhase section */
		9D478792203690D200A0957C /* Frameworks */ = {
			isa = PBXFrameworksBuildPhase;
			buildActionMask = 2147483647;
			files = (
				D594A390D2902C68AFE9B34D /* Pods_PochisokuViewer.framework in Frameworks */,
			);
			runOnlyForDeploymentPostprocessing = 0;
		};
/* End PBXFrameworksBuildPhase section */

/* Begin PBXGroup section */
		317A5A7B789CA3683900C375 /* Frameworks */ = {
			isa = PBXGroup;
			children = (
				306414A448D2F102156A5950 /* Pods_PochisokuViewer.framework */,
			);
			name = Frameworks;
			sourceTree = "<group>";
		};
		4E01FFCC0232136A85A2608E /* Pods */ = {
			isa = PBXGroup;
			children = (
				B3CF1C77A6981A489C878A97 /* Pods-PochisokuViewer.debug.xcconfig */,
				E478B71A00BAE280103056F8 /* Pods-PochisokuViewer.release.xcconfig */,
			);
			name = Pods;
			sourceTree = "<group>";
		};
		6A63C16120382F34000DF18C /* Fetcher */ = {
			isa = PBXGroup;
			children = (
				6A63C16220382F99000DF18C /* ImageFetcher.swift */,
			);
			path = Fetcher;
			sourceTree = "<group>";
		};
		9D47878C203690D200A0957C = {
			isa = PBXGroup;
			children = (
				9D478797203690D200A0957C /* PochisokuViewer */,
				9D478796203690D200A0957C /* Products */,
				4E01FFCC0232136A85A2608E /* Pods */,
				317A5A7B789CA3683900C375 /* Frameworks */,
			);
			sourceTree = "<group>";
		};
		9D478796203690D200A0957C /* Products */ = {
			isa = PBXGroup;
			children = (
				9D478795203690D200A0957C /* PochisokuViewer.app */,
			);
			name = Products;
			sourceTree = "<group>";
		};
		9D478797203690D200A0957C /* PochisokuViewer */ = {
			isa = PBXGroup;
			children = (
				9D4787B0203693BF00A0957C /* Model */,
				9D478798203690D200A0957C /* AppDelegate.swift */,
				9D4787AC2036920400A0957C /* Utility */,
				9D4787AB203691FF00A0957C /* View */,
				9D4787AA203691FA00A0957C /* Controller */,
				9D47879F203690D200A0957C /* Assets.xcassets */,
				9D4787A4203690D200A0957C /* Info.plist */,
			);
			path = PochisokuViewer;
			sourceTree = "<group>";
		};
		9D4787AA203691FA00A0957C /* Controller */ = {
			isa = PBXGroup;
			children = (
				6A63C16420389807000DF18C /* NavigationController.swift */,
				9D47879A203690D200A0957C /* HomeViewController.swift */,
				9D5B7A5B2036D23100917F17 /* WebViewController.swift */,
			);
			path = Controller;
			sourceTree = "<group>";
		};
		9D4787AB203691FF00A0957C /* View */ = {
			isa = PBXGroup;
			children = (
				9D4787A1203690D200A0957C /* LaunchScreen.storyboard */,
				9D47879C203690D200A0957C /* Main.storyboard */,
				9D5B7A552036CC3500917F17 /* ArticleTableViewCell.swift */,
				9D5B7A562036CC3500917F17 /* ArticleTableViewCell.xib */,
			);
			path = View;
			sourceTree = "<group>";
		};
		9D4787AC2036920400A0957C /* Utility */ = {
			isa = PBXGroup;
			children = (
				9D4787AD2036920E00A0957C /* Const */,
			);
			path = Utility;
			sourceTree = "<group>";
		};
		9D4787AD2036920E00A0957C /* Const */ = {
			isa = PBXGroup;
			children = (
				9D4787AE2036921E00A0957C /* ConstText.swift */,
				6A63C16620389918000DF18C /* ConstColor.swift */,
			);
			path = Const;
			sourceTree = "<group>";
		};
		9D4787B0203693BF00A0957C /* Model */ = {
			isa = PBXGroup;
			children = (
				6A63C16120382F34000DF18C /* Fetcher */,
				9D4787B1203693C300A0957C /* Manager */,
				9D5B7A532036C88800917F17 /* ArticleEntity.swift */,
			);
			path = Model;
			sourceTree = "<group>";
		};
		9D4787B1203693C300A0957C /* Manager */ = {
			isa = PBXGroup;
			children = (
				9D5B7A592036CF2300917F17 /* HTMLParseManager.swift */,
			);
			path = Manager;
			sourceTree = "<group>";
		};
/* End PBXGroup section */

/* Begin PBXNativeTarget section */
		9D478794203690D200A0957C /* PochisokuViewer */ = {
			isa = PBXNativeTarget;
			buildConfigurationList = 9D4787A7203690D200A0957C /* Build configuration list for PBXNativeTarget "PochisokuViewer" */;
			buildPhases = (
				41A131039336EC260178E6AB /* [CP] Check Pods Manifest.lock */,
				9D478791203690D200A0957C /* Sources */,
				9D478792203690D200A0957C /* Frameworks */,
				9D478793203690D200A0957C /* Resources */,
				5839FF9DD9B0FE9E4F58C74C /* [CP] Embed Pods Frameworks */,
				A945952BF9E9B830F08340F7 /* [CP] Copy Pods Resources */,
			);
			buildRules = (
			);
			dependencies = (
			);
			name = PochisokuViewer;
			productName = PochisokuViewer;
			productReference = 9D478795203690D200A0957C /* PochisokuViewer.app */;
			productType = "com.apple.product-type.application";
		};
/* End PBXNativeTarget section */

/* Begin PBXProject section */
		9D47878D203690D200A0957C /* Project object */ = {
			isa = PBXProject;
			attributes = {
				LastSwiftUpdateCheck = 0920;
				LastUpgradeCheck = 0920;
				ORGANIZATIONNAME = kyohei.minami;
				TargetAttributes = {
					9D478794203690D200A0957C = {
						CreatedOnToolsVersion = 9.2;
						ProvisioningStyle = Automatic;
					};
				};
			};
			buildConfigurationList = 9D478790203690D200A0957C /* Build configuration list for PBXProject "PochisokuViewer" */;
			compatibilityVersion = "Xcode 8.0";
			developmentRegion = en;
			hasScannedForEncodings = 0;
			knownRegions = (
				en,
				Base,
			);
			mainGroup = 9D47878C203690D200A0957C;
			productRefGroup = 9D478796203690D200A0957C /* Products */;
			projectDirPath = "";
			projectRoot = "";
			targets = (
				9D478794203690D200A0957C /* PochisokuViewer */,
			);
		};
/* End PBXProject section */

/* Begin PBXResourcesBuildPhase section */
		9D478793203690D200A0957C /* Resources */ = {
			isa = PBXResourcesBuildPhase;
			buildActionMask = 2147483647;
			files = (
				9D5B7A582036CC3500917F17 /* ArticleTableViewCell.xib in Resources */,
				9D4787A3203690D200A0957C /* LaunchScreen.storyboard in Resources */,
				9D4787A0203690D200A0957C /* Assets.xcassets in Resources */,
				9D47879E203690D200A0957C /* Main.storyboard in Resources */,
			);
			runOnlyForDeploymentPostprocessing = 0;
		};
/* End PBXResourcesBuildPhase section */

/* Begin PBXShellScriptBuildPhase section */
		41A131039336EC260178E6AB /* [CP] Check Pods Manifest.lock */ = {
			isa = PBXShellScriptBuildPhase;
			buildActionMask = 2147483647;
			files = (
			);
			inputPaths = (
				"${PODS_PODFILE_DIR_PATH}/Podfile.lock",
				"${PODS_ROOT}/Manifest.lock",
			);
			name = "[CP] Check Pods Manifest.lock";
			outputPaths = (
				"$(DERIVED_FILE_DIR)/Pods-PochisokuViewer-checkManifestLockResult.txt",
			);
			runOnlyForDeploymentPostprocessing = 0;
			shellPath = /bin/sh;
			shellScript = "diff \"${PODS_PODFILE_DIR_PATH}/Podfile.lock\" \"${PODS_ROOT}/Manifest.lock\" > /dev/null\nif [ $? != 0 ] ; then\n    # print error to STDERR\n    echo \"error: The sandbox is not in sync with the Podfile.lock. Run 'pod install' or update your CocoaPods installation.\" >&2\n    exit 1\nfi\n# This output is used by Xcode 'outputs' to avoid re-running this script phase.\necho \"SUCCESS\" > \"${SCRIPT_OUTPUT_FILE_0}\"\n";
			showEnvVarsInLog = 0;
		};
		5839FF9DD9B0FE9E4F58C74C /* [CP] Embed Pods Frameworks */ = {
			isa = PBXShellScriptBuildPhase;
			buildActionMask = 2147483647;
			files = (
			);
			inputPaths = (
				"${SRCROOT}/Pods/Target Support Files/Pods-PochisokuViewer/Pods-PochisokuViewer-frameworks.sh",
				"${BUILT_PRODUCTS_DIR}/Alamofire/Alamofire.framework",
				"${BUILT_PRODUCTS_DIR}/AlamofireImage/AlamofireImage.framework",
				"${BUILT_PRODUCTS_DIR}/Ji/Ji.framework",
			);
			name = "[CP] Embed Pods Frameworks";
			outputPaths = (
				"${TARGET_BUILD_DIR}/${FRAMEWORKS_FOLDER_PATH}/Alamofire.framework",
				"${TARGET_BUILD_DIR}/${FRAMEWORKS_FOLDER_PATH}/AlamofireImage.framework",
				"${TARGET_BUILD_DIR}/${FRAMEWORKS_FOLDER_PATH}/Ji.framework",
			);
			runOnlyForDeploymentPostprocessing = 0;
			shellPath = /bin/sh;
			shellScript = "\"${SRCROOT}/Pods/Target Support Files/Pods-PochisokuViewer/Pods-PochisokuViewer-frameworks.sh\"\n";
			showEnvVarsInLog = 0;
		};
		A945952BF9E9B830F08340F7 /* [CP] Copy Pods Resources */ = {
			isa = PBXShellScriptBuildPhase;
			buildActionMask = 2147483647;
			files = (
			);
			inputPaths = (
			);
			name = "[CP] Copy Pods Resources";
			outputPaths = (
			);
			runOnlyForDeploymentPostprocessing = 0;
			shellPath = /bin/sh;
			shellScript = "\"${SRCROOT}/Pods/Target Support Files/Pods-PochisokuViewer/Pods-PochisokuViewer-resources.sh\"\n";
			showEnvVarsInLog = 0;
		};
/* End PBXShellScriptBuildPhase section */

/* Begin PBXSourcesBuildPhase section */
		9D478791203690D200A0957C /* Sources */ = {
			isa = PBXSourcesBuildPhase;
			buildActionMask = 2147483647;
			files = (
				9D5B7A572036CC3500917F17 /* ArticleTableViewCell.swift in Sources */,
				6A63C16720389918000DF18C /* ConstColor.swift in Sources */,
				6A63C16320382F99000DF18C /* ImageFetcher.swift in Sources */,
				9D47879B203690D200A0957C /* HomeViewController.swift in Sources */,
				9D5B7A5A2036CF2300917F17 /* HTMLParseManager.swift in Sources */,
				9D4787AF2036921E00A0957C /* ConstText.swift in Sources */,
				9D5B7A5C2036D23100917F17 /* WebViewController.swift in Sources */,
				9D478799203690D200A0957C /* AppDelegate.swift in Sources */,
				6A63C16520389807000DF18C /* NavigationController.swift in Sources */,
				9D5B7A542036C88800917F17 /* ArticleEntity.swift in Sources */,
			);
			runOnlyForDeploymentPostprocessing = 0;
		};
/* End PBXSourcesBuildPhase section */

/* Begin PBXVariantGroup section */
		9D47879C203690D200A0957C /* Main.storyboard */ = {
			isa = PBXVariantGroup;
			children = (
				9D47879D203690D200A0957C /* Base */,
			);
			name = Main.storyboard;
			sourceTree = "<group>";
		};
		9D4787A1203690D200A0957C /* LaunchScreen.storyboard */ = {
			isa = PBXVariantGroup;
			children = (
				9D4787A2203690D200A0957C /* Base */,
			);
			name = LaunchScreen.storyboard;
			sourceTree = "<group>";
		};
/* End PBXVariantGroup section */

/* Begin XCBuildConfiguration section */
		9D4787A5203690D200A0957C /* Debug */ = {
			isa = XCBuildConfiguration;
			buildSettings = {
				ALWAYS_SEARCH_USER_PATHS = NO;
				CLANG_ANALYZER_NONNULL = YES;
				CLANG_ANALYZER_NUMBER_OBJECT_CONVERSION = YES_AGGRESSIVE;
				CLANG_CXX_LANGUAGE_STANDARD = "gnu++14";
				CLANG_CXX_LIBRARY = "libc++";
				CLANG_ENABLE_MODULES = YES;
				CLANG_ENABLE_OBJC_ARC = YES;
				CLANG_WARN_BLOCK_CAPTURE_AUTORELEASING = YES;
				CLANG_WARN_BOOL_CONVERSION = YES;
				CLANG_WARN_COMMA = YES;
				CLANG_WARN_CONSTANT_CONVERSION = YES;
				CLANG_WARN_DIRECT_OBJC_ISA_USAGE = YES_ERROR;
				CLANG_WARN_DOCUMENTATION_COMMENTS = YES;
				CLANG_WARN_EMPTY_BODY = YES;
				CLANG_WARN_ENUM_CONVERSION = YES;
				CLANG_WARN_INFINITE_RECURSION = YES;
				CLANG_WARN_INT_CONVERSION = YES;
				CLANG_WARN_NON_LITERAL_NULL_CONVERSION = YES;
				CLANG_WARN_OBJC_LITERAL_CONVERSION = YES;
				CLANG_WARN_OBJC_ROOT_CLASS = YES_ERROR;
				CLANG_WARN_RANGE_LOOP_ANALYSIS = YES;
				CLANG_WARN_STRICT_PROTOTYPES = YES;
				CLANG_WARN_SUSPICIOUS_MOVE = YES;
				CLANG_WARN_UNGUARDED_AVAILABILITY = YES_AGGRESSIVE;
				CLANG_WARN_UNREACHABLE_CODE = YES;
				CLANG_WARN__DUPLICATE_METHOD_MATCH = YES;
				CODE_SIGN_IDENTITY = "iPhone Developer";
				COPY_PHASE_STRIP = NO;
				DEBUG_INFORMATION_FORMAT = dwarf;
				ENABLE_STRICT_OBJC_MSGSEND = YES;
				ENABLE_TESTABILITY = YES;
				GCC_C_LANGUAGE_STANDARD = gnu11;
				GCC_DYNAMIC_NO_PIC = NO;
				GCC_NO_COMMON_BLOCKS = YES;
				GCC_OPTIMIZATION_LEVEL = 0;
				GCC_PREPROCESSOR_DEFINITIONS = (
					"DEBUG=1",
					"$(inherited)",
				);
				GCC_WARN_64_TO_32_BIT_CONVERSION = YES;
				GCC_WARN_ABOUT_RETURN_TYPE = YES_ERROR;
				GCC_WARN_UNDECLARED_SELECTOR = YES;
				GCC_WARN_UNINITIALIZED_AUTOS = YES_AGGRESSIVE;
				GCC_WARN_UNUSED_FUNCTION = YES;
				GCC_WARN_UNUSED_VARIABLE = YES;
				IPHONEOS_DEPLOYMENT_TARGET = 11.2;
				MTL_ENABLE_DEBUG_INFO = YES;
				ONLY_ACTIVE_ARCH = YES;
				SDKROOT = iphoneos;
				SWIFT_ACTIVE_COMPILATION_CONDITIONS = DEBUG;
				SWIFT_OPTIMIZATION_LEVEL = "-Onone";
			};
			name = Debug;
		};
		9D4787A6203690D200A0957C /* Release */ = {
			isa = XCBuildConfiguration;
			buildSettings = {
				ALWAYS_SEARCH_USER_PATHS = NO;
				CLANG_ANALYZER_NONNULL = YES;
				CLANG_ANALYZER_NUMBER_OBJECT_CONVERSION = YES_AGGRESSIVE;
				CLANG_CXX_LANGUAGE_STANDARD = "gnu++14";
				CLANG_CXX_LIBRARY = "libc++";
				CLANG_ENABLE_MODULES = YES;
				CLANG_ENABLE_OBJC_ARC = YES;
				CLANG_WARN_BLOCK_CAPTURE_AUTORELEASING = YES;
				CLANG_WARN_BOOL_CONVERSION = YES;
				CLANG_WARN_COMMA = YES;
				CLANG_WARN_CONSTANT_CONVERSION = YES;
				CLANG_WARN_DIRECT_OBJC_ISA_USAGE = YES_ERROR;
				CLANG_WARN_DOCUMENTATION_COMMENTS = YES;
				CLANG_WARN_EMPTY_BODY = YES;
				CLANG_WARN_ENUM_CONVERSION = YES;
				CLANG_WARN_INFINITE_RECURSION = YES;
				CLANG_WARN_INT_CONVERSION = YES;
				CLANG_WARN_NON_LITERAL_NULL_CONVERSION = YES;
				CLANG_WARN_OBJC_LITERAL_CONVERSION = YES;
				CLANG_WARN_OBJC_ROOT_CLASS = YES_ERROR;
				CLANG_WARN_RANGE_LOOP_ANALYSIS = YES;
				CLANG_WARN_STRICT_PROTOTYPES = YES;
				CLANG_WARN_SUSPICIOUS_MOVE = YES;
				CLANG_WARN_UNGUARDED_AVAILABILITY = YES_AGGRESSIVE;
				CLANG_WARN_UNREACHABLE_CODE = YES;
				CLANG_WARN__DUPLICATE_METHOD_MATCH = YES;
				CODE_SIGN_IDENTITY = "iPhone Developer";
				COPY_PHASE_STRIP = NO;
				DEBUG_INFORMATION_FORMAT = "dwarf-with-dsym";
				ENABLE_NS_ASSERTIONS = NO;
				ENABLE_STRICT_OBJC_MSGSEND = YES;
				GCC_C_LANGUAGE_STANDARD = gnu11;
				GCC_NO_COMMON_BLOCKS = YES;
				GCC_WARN_64_TO_32_BIT_CONVERSION = YES;
				GCC_WARN_ABOUT_RETURN_TYPE = YES_ERROR;
				GCC_WARN_UNDECLARED_SELECTOR = YES;
				GCC_WARN_UNINITIALIZED_AUTOS = YES_AGGRESSIVE;
				GCC_WARN_UNUSED_FUNCTION = YES;
				GCC_WARN_UNUSED_VARIABLE = YES;
				IPHONEOS_DEPLOYMENT_TARGET = 11.2;
				MTL_ENABLE_DEBUG_INFO = NO;
				SDKROOT = iphoneos;
				SWIFT_OPTIMIZATION_LEVEL = "-Owholemodule";
				VALIDATE_PRODUCT = YES;
			};
			name = Release;
		};
		9D4787A8203690D200A0957C /* Debug */ = {
			isa = XCBuildConfiguration;
			baseConfigurationReference = B3CF1C77A6981A489C878A97 /* Pods-PochisokuViewer.debug.xcconfig */;
			buildSettings = {
				ASSETCATALOG_COMPILER_APPICON_NAME = AppIcon;
				CODE_SIGN_STYLE = Automatic;
				DEVELOPMENT_TEAM = 82VM9CARWC;
				INFOPLIST_FILE = PochisokuViewer/Info.plist;
				IPHONEOS_DEPLOYMENT_TARGET = 11.0;
				LD_RUNPATH_SEARCH_PATHS = "$(inherited) @executable_path/Frameworks";
				PRODUCT_BUNDLE_IDENTIFIER = com.min.pubg.PochisokuViewer;
				PRODUCT_NAME = "$(TARGET_NAME)";
				SWIFT_VERSION = 4.0;
				TARGETED_DEVICE_FAMILY = 1;
			};
			name = Debug;
		};
		9D4787A9203690D200A0957C /* Release */ = {
			isa = XCBuildConfiguration;
			baseConfigurationReference = E478B71A00BAE280103056F8 /* Pods-PochisokuViewer.release.xcconfig */;
			buildSettings = {
				ASSETCATALOG_COMPILER_APPICON_NAME = AppIcon;
				CODE_SIGN_STYLE = Automatic;
				DEVELOPMENT_TEAM = 82VM9CARWC;
				INFOPLIST_FILE = PochisokuViewer/Info.plist;
				IPHONEOS_DEPLOYMENT_TARGET = 11.0;
				LD_RUNPATH_SEARCH_PATHS = "$(inherited) @executable_path/Frameworks";
				PRODUCT_BUNDLE_IDENTIFIER = com.min.pubg.PochisokuViewer;
				PRODUCT_NAME = "$(TARGET_NAME)";
				SWIFT_VERSION = 4.0;
				TARGETED_DEVICE_FAMILY = 1;
			};
			name = Release;
		};
/* End XCBuildConfiguration section */

/* Begin XCConfigurationList section */
		9D478790203690D200A0957C /* Build configuration list for PBXProject "PochisokuViewer" */ = {
			isa = XCConfigurationList;
			buildConfigurations = (
				9D4787A5203690D200A0957C /* Debug */,
				9D4787A6203690D200A0957C /* Release */,
			);
			defaultConfigurationIsVisible = 0;
			defaultConfigurationName = Release;
		};
		9D4787A7203690D200A0957C /* Build configuration list for PBXNativeTarget "PochisokuViewer" */ = {
			isa = XCConfigurationList;
			buildConfigurations = (
				9D4787A8203690D200A0957C /* Debug */,
				9D4787A9203690D200A0957C /* Release */,
			);
			defaultConfigurationIsVisible = 0;
			defaultConfigurationName = Release;
		};
/* End XCConfigurationList section */
	};
	rootObject = 9D47878D203690D200A0957C /* Project object */;
}
